
Microsoft Visual Studio Solution File, Format Version 12.00
# Visual Studio Version 16
VisualStudioVersion = 16.0.29306.81
MinimumVisualStudioVersion = 10.0.40219.1
Project("{FAE04EC0-301F-11D3-BF4B-00C04F79EFBC}") = "Task_1", "Task_1\Task_1.csproj", "{D110D296-2BBE-488A-8079-467E408BA38C}"
EndProject
Global
	GlobalSection(SolutionConfigurationPlatforms) = preSolution
		Debug|Any CPU = Debug|Any CPU
		Release|Any CPU = Release|Any CPU
	EndGlobalSection
	GlobalSection(ProjectConfigurationPlatforms) = postSolution
		{D110D296-2BBE-488A-8079-467E408BA38C}.Debug|Any CPU.ActiveCfg = Debug|Any CPU
		{D110D296-2BBE-488A-8079-467E408BA38C}.Debug|Any CPU.Build.0 = Debug|Any CPU
		{D110D296-2BBE-488A-8079-467E408BA38C}.Release|Any CPU.ActiveCfg = Release|Any CPU
		{D110D296-2BBE-488A-8079-467E408BA38C}.Release|Any CPU.Build.0 = Release|Any CPU
	EndGlobalSection
	GlobalSection(SolutionProperties) = preSolution
		HideSolutionNode = FALSE
	EndGlobalSection
	GlobalSection(ExtensibilityGlobals) = postSolution
		SolutionGuid = {7266E248-CA4F-46F4-833D-5257A8EED67F}
	EndGlobalSection
EndGlobal
